{
    "_meta": {
        "hash": {
            "sha256": "d5c013327646b9a19ec5eb064ed156c93e5a164ac98689d405be1da093548046"
        },
        "pipfile-spec": 6,
        "requires": {
            "python_version": "3.7"
        },
        "sources": [
            {
                "name": "pypi",
                "url": "https://pypi.org/simple",
                "verify_ssl": true
            }
        ]
    },
    "default": {
        "logbook": {
            "hashes": [
                "sha256:a5a96792abd8172c80d61b7530e134524f20e2841981038031e602ed5920fef5"
            ],
            "index": "pypi",
            "version": "==1.4.3"
        }
    },
    "develop": {}
}
